
Microsoft Visual Studio Solution File, Format Version 12.00
# Visual Studio 14
VisualStudioVersion = 14.0.25420.1
MinimumVisualStudioVersion = 10.0.40219.1
Project("{FAE04EC0-301F-11D3-BF4B-00C04F79EFBC}") = "JaggedArray", "JaggedArray\JaggedArray.csproj", "{DD5D59C2-46FA-4C60-A082-2487FF8F7169}"
EndProject
Global
	GlobalSection(SolutionConfigurationPlatforms) = preSolution
		Debug|Any CPU = Debug|Any CPU
		Release|Any CPU = Release|Any CPU
	EndGlobalSection
	GlobalSection(ProjectConfigurationPlatforms) = postSolution
		{DD5D59C2-46FA-4C60-A082-2487FF8F7169}.Debug|Any CPU.ActiveCfg = Debug|Any CPU
		{DD5D59C2-46FA-4C60-A082-2487FF8F7169}.Debug|Any CPU.Build.0 = Debug|Any CPU
		{DD5D59C2-46FA-4C60-A082-2487FF8F7169}.Release|Any CPU.ActiveCfg = Release|Any CPU
		{DD5D59C2-46FA-4C60-A082-2487FF8F7169}.Release|Any CPU.Build.0 = Release|Any CPU
	EndGlobalSection
	GlobalSection(SolutionProperties) = preSolution
		HideSolutionNode = FALSE
	EndGlobalSection
EndGlobal
